# This file is automatically @generated by Cargo.
# It is not intended for manual editing.
version = 3

[[package]]
name = "absurdle-best-guess"
version = "0.1.0"
dependencies = [
 "wordle",
]

[[package]]
name = "wordle"
version = "0.1.0"

[[package]]
name = "wordle-spoilers"
version = "0.1.0"
dependencies = [
 "wordle",
]
